
Microsoft Visual Studio Solution File, Format Version 12.00
# Visual Studio Version 16
VisualStudioVersion = 16.0.31105.61
MinimumVisualStudioVersion = 10.0.40219.1
Project("{FAE04EC0-301F-11D3-BF4B-00C04F79EFBC}") = "SkillTest", "SkillTest.csproj", "{EE8BF82E-7F21-4880-898D-5DF4C0B18193}"
EndProject
Global
	GlobalSection(SolutionConfigurationPlatforms) = preSolution
		Debug|Any CPU = Debug|Any CPU
		Release|Any CPU = Release|Any CPU
	EndGlobalSection
	GlobalSection(ProjectConfigurationPlatforms) = postSolution
		{EE8BF82E-7F21-4880-898D-5DF4C0B18193}.Debug|Any CPU.ActiveCfg = Debug|Any CPU
		{EE8BF82E-7F21-4880-898D-5DF4C0B18193}.Debug|Any CPU.Build.0 = Debug|Any CPU
		{EE8BF82E-7F21-4880-898D-5DF4C0B18193}.Release|Any CPU.ActiveCfg = Release|Any CPU
		{EE8BF82E-7F21-4880-898D-5DF4C0B18193}.Release|Any CPU.Build.0 = Release|Any CPU
	EndGlobalSection
	GlobalSection(SolutionProperties) = preSolution
		HideSolutionNode = FALSE
	EndGlobalSection
	GlobalSection(ExtensibilityGlobals) = postSolution
		SolutionGuid = {30B98E94-4A62-495A-A322-1D68B8001219}
	EndGlobalSection
EndGlobal
